
Microsoft Visual Studio Solution File, Format Version 12.00
Project("{FAE04EC0-301F-11D3-BF4B-00C04F79EFBC}") = "TumakovLab", "TumakovLab\TumakovLab.csproj", "{1B77C71C-7ED3-46F2-B4AF-36ABD32A5FD9}"
EndProject
Project("{FAE04EC0-301F-11D3-BF4B-00C04F79EFBC}") = "FileTasks", "FileTasks\FileTasks.csproj", "{A080E623-F430-4A4A-8FE3-A4016AFDFA1C}"
EndProject
Global
	GlobalSection(SolutionConfigurationPlatforms) = preSolution
		Debug|Any CPU = Debug|Any CPU
		Release|Any CPU = Release|Any CPU
	EndGlobalSection
	GlobalSection(ProjectConfigurationPlatforms) = postSolution
		{1B77C71C-7ED3-46F2-B4AF-36ABD32A5FD9}.Debug|Any CPU.ActiveCfg = Debug|Any CPU
		{1B77C71C-7ED3-46F2-B4AF-36ABD32A5FD9}.Debug|Any CPU.Build.0 = Debug|Any CPU
		{1B77C71C-7ED3-46F2-B4AF-36ABD32A5FD9}.Release|Any CPU.ActiveCfg = Release|Any CPU
		{1B77C71C-7ED3-46F2-B4AF-36ABD32A5FD9}.Release|Any CPU.Build.0 = Release|Any CPU
		{A080E623-F430-4A4A-8FE3-A4016AFDFA1C}.Debug|Any CPU.ActiveCfg = Debug|Any CPU
		{A080E623-F430-4A4A-8FE3-A4016AFDFA1C}.Debug|Any CPU.Build.0 = Debug|Any CPU
		{A080E623-F430-4A4A-8FE3-A4016AFDFA1C}.Release|Any CPU.ActiveCfg = Release|Any CPU
		{A080E623-F430-4A4A-8FE3-A4016AFDFA1C}.Release|Any CPU.Build.0 = Release|Any CPU
	EndGlobalSection
EndGlobal
